{
  "name": "mvp-express",
  "version": "0.0.1",
  "lockfileVersion": 1,
  "requires": true,
  "dependencies": {
    "@types/node": {
      "version": "16.3.2",
      "resolved": "https://registry.npmjs.org/@types/node/-/node-16.3.2.tgz",
      "integrity": "sha512-jJs9ErFLP403I+hMLGnqDRWT0RYKSvArxuBVh2veudHV7ifEC1WAmjJADacZ7mRbA2nWgHtn8xyECMAot0SkAw=="
    },
    "gimp": {
      "version": "0.0.1-security",
      "resolved": "https://registry.npmjs.org/gimp/-/gimp-0.0.1-security.tgz",
      "integrity": "sha512-5eB8/nPAS9GA2vm2wiNBJx7QPke8QkqiPSUrog0CrO5vJSuXZlTRwTuLRsB+hhm6VREaURzhhoU/PYH0yoDAdw=="
    },
    "typescript": {
      "version": "4.2.4",
      "resolved": "https://registry.npmjs.org/typescript/-/typescript-4.2.4.tgz",
      "integrity": "sha512-V+evlYHZnQkaz8TRBuxTA92yZBPotr5H+WhQ7bD3hZUndx5tGOa1fuCgeSjxAzM1RiN5IzvadIXTVefuuwZCRg==",
      "dev": true
    }
  }
}
